// !$*UTF8*$!
{
	archiveVersion = 1;
	classes = {
	};
	objectVersion = 46;
	objects = {

/* Begin PBXBuildFile section */
		B85691A01EEA4F6E00F3FEE9 /* AppDelegate.swift in Sources */ = {isa = PBXBuildFile; fileRef = B856919F1EEA4F6E00F3FEE9 /* AppDelegate.swift */; };
		B85691A21EEA4F6E00F3FEE9 /* MasterViewController.swift in Sources */ = {isa = PBXBuildFile; fileRef = B85691A11EEA4F6E00F3FEE9 /* MasterViewController.swift */; };
		B85691A41EEA4F6E00F3FEE9 /* DetailViewController.swift in Sources */ = {isa = PBXBuildFile; fileRef = B85691A31EEA4F6E00F3FEE9 /* DetailViewController.swift */; };
		B85691A71EEA4F6E00F3FEE9 /* Main.storyboard in Resources */ = {isa = PBXBuildFile; fileRef = B85691A51EEA4F6E00F3FEE9 /* Main.storyboard */; };
		B85691A91EEA4F6E00F3FEE9 /* Assets.xcassets in Resources */ = {isa = PBXBuildFile; fileRef = B85691A81EEA4F6E00F3FEE9 /* Assets.xcassets */; };
		B85691AC1EEA4F6E00F3FEE9 /* LaunchScreen.storyboard in Resources */ = {isa = PBXBuildFile; fileRef = B85691AA1EEA4F6E00F3FEE9 /* LaunchScreen.storyboard */; };
/* End PBXBuildFile section */

/* Begin PBXFileReference section */
		B856919C1EEA4F6E00F3FEE9 /* UP_APP.app */ = {isa = PBXFileReference; explicitFileType = wrapper.application; includeInIndex = 0; path = UP_APP.app; sourceTree = BUILT_PRODUCTS_DIR; };
		B856919F1EEA4F6E00F3FEE9 /* AppDelegate.swift */ = {isa = PBXFileReference; lastKnownFileType = sourcecode.swift; path = AppDelegate.swift; sourceTree = "<group>"; };
		B85691A11EEA4F6E00F3FEE9 /* MasterViewController.swift */ = {isa = PBXFileReference; lastKnownFileType = sourcecode.swift; path = MasterViewController.swift; sourceTree = "<group>"; };
		B85691A31EEA4F6E00F3FEE9 /* DetailViewController.swift */ = {isa = PBXFileReference; lastKnownFileType = sourcecode.swift; path = DetailViewController.swift; sourceTree = "<group>"; };
		B85691A61EEA4F6E00F3FEE9 /* Base */ = {isa = PBXFileReference; lastKnownFileType = file.storyboard; name = Base; path = Base.lproj/Main.storyboard; sourceTree = "<group>"; };
		B85691A81EEA4F6E00F3FEE9 /* Assets.xcassets */ = {isa = PBXFileReference; lastKnownFileType = folder.assetcatalog; path = Assets.xcassets; sourceTree = "<group>"; };
		B85691AB1EEA4F6E00F3FEE9 /* Base */ = {isa = PBXFileReference; lastKnownFileType = file.storyboard; name = Base; path = Base.lproj/LaunchScreen.storyboard; sourceTree = "<group>"; };
		B85691AD1EEA4F6E00F3FEE9 /* Info.plist */ = {isa = PBXFileReference; lastKnownFileType = text.plist.xml; path = Info.plist; sourceTree = "<group>"; };
/* End PBXFileReference section */

/* Begin PBXFrameworksBuildPhase section */
		B85691991EEA4F6E00F3FEE9 /* Frameworks */ = {
			isa = PBXFrameworksBuildPhase;
			buildActionMask = 2147483647;
			files = (
			);
			runOnlyForDeploymentPostprocessing = 0;
		};
/* End PBXFrameworksBuildPhase section */

/* Begin PBXGroup section */
		B85691931EEA4F6E00F3FEE9 = {
			isa = PBXGroup;
			children = (
				B856919E1EEA4F6E00F3FEE9 /* UP_APP */,
				B856919D1EEA4F6E00F3FEE9 /* Products */,
			);
			sourceTree = "<group>";
		};
		B856919D1EEA4F6E00F3FEE9 /* Products */ = {
			isa = PBXGroup;
			children = (
				B856919C1EEA4F6E00F3FEE9 /* UP_APP.app */,
			);
			name = Products;
			sourceTree = "<group>";
		};
		B856919E1EEA4F6E00F3FEE9 /* UP_APP */ = {
			isa = PBXGroup;
			children = (
				B856919F1EEA4F6E00F3FEE9 /* AppDelegate.swift */,
				B85691A11EEA4F6E00F3FEE9 /* MasterViewController.swift */,
				B85691A31EEA4F6E00F3FEE9 /* DetailViewController.swift */,
				B85691A51EEA4F6E00F3FEE9 /* Main.storyboard */,
				B85691A81EEA4F6E00F3FEE9 /* Assets.xcassets */,
				B85691AA1EEA4F6E00F3FEE9 /* LaunchScreen.storyboard */,
				B85691AD1EEA4F6E00F3FEE9 /* Info.plist */,
			);
			path = UP_APP;
			sourceTree = "<group>";
		};
/* End PBXGroup section */

/* Begin PBXNativeTarget section */
		B856919B1EEA4F6E00F3FEE9 /* UP_APP */ = {
			isa = PBXNativeTarget;
			buildConfigurationList = B85691B01EEA4F6E00F3FEE9 /* Build configuration list for PBXNativeTarget "UP_APP" */;
			buildPhases = (
				B85691981EEA4F6E00F3FEE9 /* Sources */,
				B85691991EEA4F6E00F3FEE9 /* Frameworks */,
				B856919A1EEA4F6E00F3FEE9 /* Resources */,
			);
			buildRules = (
			);
			dependencies = (
			);
			name = UP_APP;
			productName = UP_APP;
			productReference = B856919C1EEA4F6E00F3FEE9 /* UP_APP.app */;
			productType = "com.apple.product-type.application";
		};
/* End PBXNativeTarget section */

/* Begin PBXProject section */
		B85691941EEA4F6E00F3FEE9 /* Project object */ = {
			isa = PBXProject;
			attributes = {
				LastSwiftUpdateCheck = 0830;
				LastUpgradeCheck = 0830;
				ORGANIZATIONNAME = iCode;
				TargetAttributes = {
					B856919B1EEA4F6E00F3FEE9 = {
						CreatedOnToolsVersion = 8.3.3;
						ProvisioningStyle = Automatic;
					};
				};
			};
			buildConfigurationList = B85691971EEA4F6E00F3FEE9 /* Build configuration list for PBXProject "UP_APP" */;
			compatibilityVersion = "Xcode 3.2";
			developmentRegion = English;
			hasScannedForEncodings = 0;
			knownRegions = (
				en,
				Base,
			);
			mainGroup = B85691931EEA4F6E00F3FEE9;
			productRefGroup = B856919D1EEA4F6E00F3FEE9 /* Products */;
			projectDirPath = "";
			projectRoot = "";
			targets = (
				B856919B1EEA4F6E00F3FEE9 /* UP_APP */,
			);
		};
/* End PBXProject section */

/* Begin PBXResourcesBuildPhase section */
		B856919A1EEA4F6E00F3FEE9 /* Resources */ = {
			isa = PBXResourcesBuildPhase;
			buildActionMask = 2147483647;
			files = (
				B85691AC1EEA4F6E00F3FEE9 /* LaunchScreen.storyboard in Resources */,
				B85691A91EEA4F6E00F3FEE9 /* Assets.xcassets in Resources */,
				B85691A71EEA4F6E00F3FEE9 /* Main.storyboard in Resources */,
			);
			runOnlyForDeploymentPostprocessing = 0;
		};
/* End PBXResourcesBuildPhase section */

/* Begin PBXSourcesBuildPhase section */
		B85691981EEA4F6E00F3FEE9 /* Sources */ = {
			isa = PBXSourcesBuildPhase;
			buildActionMask = 2147483647;
			files = (
				B85691A41EEA4F6E00F3FEE9 /* DetailViewController.swift in Sources */,
				B85691A21EEA4F6E00F3FEE9 /* MasterViewController.swift in Sources */,
				B85691A01EEA4F6E00F3FEE9 /* AppDelegate.swift in Sources */,
			);
			runOnlyForDeploymentPostprocessing = 0;
		};
/* End PBXSourcesBuildPhase section */

/* Begin PBXVariantGroup section */
		B85691A51EEA4F6E00F3FEE9 /* Main.storyboard */ = {
			isa = PBXVariantGroup;
			children = (
				B85691A61EEA4F6E00F3FEE9 /* Base */,
			);
			name = Main.storyboard;
			sourceTree = "<group>";
		};
		B85691AA1EEA4F6E00F3FEE9 /* LaunchScreen.storyboard */ = {
			isa = PBXVariantGroup;
			children = (
				B85691AB1EEA4F6E00F3FEE9 /* Base */,
			);
			name = LaunchScreen.storyboard;
			sourceTree = "<group>";
		};
/* End PBXVariantGroup section */

/* Begin XCBuildConfiguration section */
		B85691AE1EEA4F6E00F3FEE9 /* Debug */ = {
			isa = XCBuildConfiguration;
			buildSettings = {
				ALWAYS_SEARCH_USER_PATHS = NO;
				CLANG_ANALYZER_NONNULL = YES;
				CLANG_ANALYZER_NUMBER_OBJECT_CONVERSION = YES_AGGRESSIVE;
				CLANG_CXX_LANGUAGE_STANDARD = "gnu++0x";
				CLANG_CXX_LIBRARY = "libc++";
				CLANG_ENABLE_MODULES = YES;
				CLANG_ENABLE_OBJC_ARC = YES;
				CLANG_WARN_BOOL_CONVERSION = YES;
				CLANG_WARN_CONSTANT_CONVERSION = YES;
				CLANG_WARN_DIRECT_OBJC_ISA_USAGE = YES_ERROR;
				CLANG_WARN_DOCUMENTATION_COMMENTS = YES;
				CLANG_WARN_EMPTY_BODY = YES;
				CLANG_WARN_ENUM_CONVERSION = YES;
				CLANG_WARN_INFINITE_RECURSION = YES;
				CLANG_WARN_INT_CONVERSION = YES;
				CLANG_WARN_OBJC_ROOT_CLASS = YES_ERROR;
				CLANG_WARN_SUSPICIOUS_MOVE = YES;
				CLANG_WARN_UNREACHABLE_CODE = YES;
				CLANG_WARN__DUPLICATE_METHOD_MATCH = YES;
				"CODE_SIGN_IDENTITY[sdk=iphoneos*]" = "iPhone Developer";
				COPY_PHASE_STRIP = NO;
				DEBUG_INFORMATION_FORMAT = dwarf;
				ENABLE_STRICT_OBJC_MSGSEND = YES;
				ENABLE_TESTABILITY = YES;
				GCC_C_LANGUAGE_STANDARD = gnu99;
				GCC_DYNAMIC_NO_PIC = NO;
				GCC_NO_COMMON_BLOCKS = YES;
				GCC_OPTIMIZATION_LEVEL = 0;
				GCC_PREPROCESSOR_DEFINITIONS = (
					"DEBUG=1",
					"$(inherited)",
				);
				GCC_WARN_64_TO_32_BIT_CONVERSION = YES;
				GCC_WARN_ABOUT_RETURN_TYPE = YES_ERROR;
				GCC_WARN_UNDECLARED_SELECTOR = YES;
				GCC_WARN_UNINITIALIZED_AUTOS = YES_AGGRESSIVE;
				GCC_WARN_UNUSED_FUNCTION = YES;
				GCC_WARN_UNUSED_VARIABLE = YES;
				IPHONEOS_DEPLOYMENT_TARGET = 10.3;
				MTL_ENABLE_DEBUG_INFO = YES;
				ONLY_ACTIVE_ARCH = YES;
				SDKROOT = iphoneos;
				SWIFT_ACTIVE_COMPILATION_CONDITIONS = DEBUG;
				SWIFT_OPTIMIZATION_LEVEL = "-Onone";
				TARGETED_DEVICE_FAMILY = "1,2";
			};
			name = Debug;
		};
		B85691AF1EEA4F6E00F3FEE9 /* Release */ = {
			isa = XCBuildConfiguration;
			buildSettings = {
				ALWAYS_SEARCH_USER_PATHS = NO;
				CLANG_ANALYZER_NONNULL = YES;
				CLANG_ANALYZER_NUMBER_OBJECT_CONVERSION = YES_AGGRESSIVE;
				CLANG_CXX_LANGUAGE_STANDARD = "gnu++0x";
				CLANG_CXX_LIBRARY = "libc++";
				CLANG_ENABLE_MODULES = YES;
				CLANG_ENABLE_OBJC_ARC = YES;
				CLANG_WARN_BOOL_CONVERSION = YES;
				CLANG_WARN_CONSTANT_CONVERSION = YES;
				CLANG_WARN_DIRECT_OBJC_ISA_USAGE = YES_ERROR;
				CLANG_WARN_DOCUMENTATION_COMMENTS = YES;
				CLANG_WARN_EMPTY_BODY = YES;
				CLANG_WARN_ENUM_CONVERSION = YES;
				CLANG_WARN_INFINITE_RECURSION = YES;
				CLANG_WARN_INT_CONVERSION = YES;
				CLANG_WARN_OBJC_ROOT_CLASS = YES_ERROR;
				CLANG_WARN_SUSPICIOUS_MOVE = YES;
				CLANG_WARN_UNREACHABLE_CODE = YES;
				CLANG_WARN__DUPLICATE_METHOD_MATCH = YES;
				"CODE_SIGN_IDENTITY[sdk=iphoneos*]" = "iPhone Developer";
				COPY_PHASE_STRIP = NO;
				DEBUG_INFORMATION_FORMAT = "dwarf-with-dsym";
				ENABLE_NS_ASSERTIONS = NO;
				ENABLE_STRICT_OBJC_MSGSEND = YES;
				GCC_C_LANGUAGE_STANDARD = gnu99;
				GCC_NO_COMMON_BLOCKS = YES;
				GCC_WARN_64_TO_32_BIT_CONVERSION = YES;
				GCC_WARN_ABOUT_RETURN_TYPE = YES_ERROR;
				GCC_WARN_UNDECLARED_SELECTOR = YES;
				GCC_WARN_UNINITIALIZED_AUTOS = YES_AGGRESSIVE;
				GCC_WARN_UNUSED_FUNCTION = YES;
				GCC_WARN_UNUSED_VARIABLE = YES;
				IPHONEOS_DEPLOYMENT_TARGET = 10.3;
				MTL_ENABLE_DEBUG_INFO = NO;
				SDKROOT = iphoneos;
				SWIFT_OPTIMIZATION_LEVEL = "-Owholemodule";
				TARGETED_DEVICE_FAMILY = "1,2";
				VALIDATE_PRODUCT = YES;
			};
			name = Release;
		};
		B85691B11EEA4F6E00F3FEE9 /* Debug */ = {
			isa = XCBuildConfiguration;
			buildSettings = {
				ASSETCATALOG_COMPILER_APPICON_NAME = AppIcon;
				INFOPLIST_FILE = UP_APP/Info.plist;
				LD_RUNPATH_SEARCH_PATHS = "$(inherited) @executable_path/Frameworks";
				PRODUCT_BUNDLE_IDENTIFIER = "blog.icode.UP-APP";
				PRODUCT_NAME = "$(TARGET_NAME)";
				SWIFT_VERSION = 3.0;
			};
			name = Debug;
		};
		B85691B21EEA4F6E00F3FEE9 /* Release */ = {
			isa = XCBuildConfiguration;
			buildSettings = {
				ASSETCATALOG_COMPILER_APPICON_NAME = AppIcon;
				INFOPLIST_FILE = UP_APP/Info.plist;
				LD_RUNPATH_SEARCH_PATHS = "$(inherited) @executable_path/Frameworks";
				PRODUCT_BUNDLE_IDENTIFIER = "blog.icode.UP-APP";
				PRODUCT_NAME = "$(TARGET_NAME)";
				SWIFT_VERSION = 3.0;
			};
			name = Release;
		};
/* End XCBuildConfiguration section */

/* Begin XCConfigurationList section */
		B85691971EEA4F6E00F3FEE9 /* Build configuration list for PBXProject "UP_APP" */ = {
			isa = XCConfigurationList;
			buildConfigurations = (
				B85691AE1EEA4F6E00F3FEE9 /* Debug */,
				B85691AF1EEA4F6E00F3FEE9 /* Release */,
			);
			defaultConfigurationIsVisible = 0;
			defaultConfigurationName = Release;
		};
		B85691B01EEA4F6E00F3FEE9 /* Build configuration list for PBXNativeTarget "UP_APP" */ = {
			isa = XCConfigurationList;
			buildConfigurations = (
				B85691B11EEA4F6E00F3FEE9 /* Debug */,
				B85691B21EEA4F6E00F3FEE9 /* Release */,
			);
			defaultConfigurationIsVisible = 0;
		};
/* End XCConfigurationList section */
	};
	rootObject = B85691941EEA4F6E00F3FEE9 /* Project object */;
}
